// !$*UTF8*$!
{
	archiveVersion = 1;
	classes = {
	};
	objectVersion = 46;
	objects = {

/* Begin PBXBuildFile section */
		D007EE5F1B169502000FE400 /* HotelManagerGraphicsKit.m in Sources */ = {isa = PBXBuildFile; fileRef = D007EE5E1B169502000FE400 /* HotelManagerGraphicsKit.m */; };
		D008B6C21AFBB9D900EAC22B /* DateViewController.m in Sources */ = {isa = PBXBuildFile; fileRef = D008B6C11AFBB9D900EAC22B /* DateViewController.m */; };
		D008B6D11AFBEA3200EAC22B /* AvailabilityTableViewController.m in Sources */ = {isa = PBXBuildFile; fileRef = D008B6D01AFBEA3200EAC22B /* AvailabilityTableViewController.m */; };
		D008B6DB1AFD314300EAC22B /* RoomTableViewController.m in Sources */ = {isa = PBXBuildFile; fileRef = D008B6DA1AFD314300EAC22B /* RoomTableViewController.m */; };
		D008B6DF1AFD339600EAC22B /* HotelService.m in Sources */ = {isa = PBXBuildFile; fileRef = D008B6DE1AFD339600EAC22B /* HotelService.m */; };
		D008B6E51AFD728D00EAC22B /* LoadViewControllerTableViewController.m in Sources */ = {isa = PBXBuildFile; fileRef = D008B6E41AFD728D00EAC22B /* LoadViewControllerTableViewController.m */; };
		D010A02D1B163DEC003D773F /* AvailableRoomTableViewCell.m in Sources */ = {isa = PBXBuildFile; fileRef = D010A02C1B163DEC003D773F /* AvailableRoomTableViewCell.m */; };
		D04D2AFB1AF92C3D00E23AA0 /* seed.json in Resources */ = {isa = PBXBuildFile; fileRef = D04D2AFA1AF92C3D00E23AA0 /* seed.json */; };
		D061BCDF1DB96CB000EC7B0A /* HotelTableViewCell.m in Sources */ = {isa = PBXBuildFile; fileRef = D061BCDE1DB96CB000EC7B0A /* HotelTableViewCell.m */; };
		D061BCE21DBAC86600EC7B0A /* CDPersistenceController.m in Sources */ = {isa = PBXBuildFile; fileRef = D061BCE11DBAC86600EC7B0A /* CDPersistenceController.m */; };
		D064CCAF1AFFF15400771D60 /* GuestServicesViewController.m in Sources */ = {isa = PBXBuildFile; fileRef = D064CCAE1AFFF15400771D60 /* GuestServicesViewController.m */; };
		D064CCB21B01121D00771D60 /* GuestReservationsTableViewController.m in Sources */ = {isa = PBXBuildFile; fileRef = D064CCB11B01121D00771D60 /* GuestReservationsTableViewController.m */; };
		D064CCB51B01150E00771D60 /* GuestCheckInViewController.m in Sources */ = {isa = PBXBuildFile; fileRef = D064CCB41B01150E00771D60 /* GuestCheckInViewController.m */; };
		D0A929121B2A178D00CC7715 /* CheckoutButtonTableViewCell.m in Sources */ = {isa = PBXBuildFile; fileRef = D0A929111B2A178D00CC7715 /* CheckoutButtonTableViewCell.m */; };
		D0EDE8BA1DC4000000C92C10 /* Reservation+CoreDataClass.m in Sources */ = {isa = PBXBuildFile; fileRef = D0EDE8B71DC4000000C92C10 /* Reservation+CoreDataClass.m */; };
		D0EDE8BB1DC4000000C92C10 /* Reservation+CoreDataProperties.m in Sources */ = {isa = PBXBuildFile; fileRef = D0EDE8B91DC4000000C92C10 /* Reservation+CoreDataProperties.m */; };
		D0EDE8C81DC4003300C92C10 /* Guest+CoreDataClass.m in Sources */ = {isa = PBXBuildFile; fileRef = D0EDE8BD1DC4003300C92C10 /* Guest+CoreDataClass.m */; };
		D0EDE8C91DC4003300C92C10 /* Guest+CoreDataProperties.m in Sources */ = {isa = PBXBuildFile; fileRef = D0EDE8BF1DC4003300C92C10 /* Guest+CoreDataProperties.m */; };
		D0EDE8CA1DC4003300C92C10 /* Room+CoreDataClass.m in Sources */ = {isa = PBXBuildFile; fileRef = D0EDE8C11DC4003300C92C10 /* Room+CoreDataClass.m */; };
		D0EDE8CB1DC4003300C92C10 /* Room+CoreDataProperties.m in Sources */ = {isa = PBXBuildFile; fileRef = D0EDE8C31DC4003300C92C10 /* Room+CoreDataProperties.m */; };
		D0EDE8CC1DC4003300C92C10 /* Hotel+CoreDataClass.m in Sources */ = {isa = PBXBuildFile; fileRef = D0EDE8C51DC4003300C92C10 /* Hotel+CoreDataClass.m */; };
		D0EDE8CD1DC4003300C92C10 /* Hotel+CoreDataProperties.m in Sources */ = {isa = PBXBuildFile; fileRef = D0EDE8C71DC4003300C92C10 /* Hotel+CoreDataProperties.m */; };
		D0EEF58D1AF809DA0061905D /* main.m in Sources */ = {isa = PBXBuildFile; fileRef = D0EEF58C1AF809DA0061905D /* main.m */; };
		D0EEF5901AF809DA0061905D /* AppDelegate.m in Sources */ = {isa = PBXBuildFile; fileRef = D0EEF58F1AF809DA0061905D /* AppDelegate.m */; };
		D0EEF5931AF809DA0061905D /* HotelManagerRM.xcdatamodeld in Sources */ = {isa = PBXBuildFile; fileRef = D0EEF5911AF809DA0061905D /* HotelManagerRM.xcdatamodeld */; };
		D0EEF5961AF809DA0061905D /* ViewController.m in Sources */ = {isa = PBXBuildFile; fileRef = D0EEF5951AF809DA0061905D /* ViewController.m */; };
		D0EEF5991AF809DA0061905D /* Main.storyboard in Resources */ = {isa = PBXBuildFile; fileRef = D0EEF5971AF809DA0061905D /* Main.storyboard */; };
		D0EEF59B1AF809DA0061905D /* Images.xcassets in Resources */ = {isa = PBXBuildFile; fileRef = D0EEF59A1AF809DA0061905D /* Images.xcassets */; };
		D0EEF59E1AF809DA0061905D /* LaunchScreen.xib in Resources */ = {isa = PBXBuildFile; fileRef = D0EEF59C1AF809DA0061905D /* LaunchScreen.xib */; };
		D0EEF5AA1AF809DA0061905D /* HotelManagerRMTests.m in Sources */ = {isa = PBXBuildFile; fileRef = D0EEF5A91AF809DA0061905D /* HotelManagerRMTests.m */; };
		D0F0594A1AF9D7F400914A7A /* CoreData.framework in Frameworks */ = {isa = PBXBuildFile; fileRef = D0F059491AF9D7F400914A7A /* CoreData.framework */; };
		D0F0AD711AF879EA009F1AA3 /* JSONParser.m in Sources */ = {isa = PBXBuildFile; fileRef = D0F0AD701AF879EA009F1AA3 /* JSONParser.m */; };
		D0F0AD741AF879FB009F1AA3 /* HotelViewController.m in Sources */ = {isa = PBXBuildFile; fileRef = D0F0AD731AF879FB009F1AA3 /* HotelViewController.m */; };
		D0F0EB691B1E6ED30042BCFC /* RoomImageTableViewCell.m in Sources */ = {isa = PBXBuildFile; fileRef = D0F0EB681B1E6ED30042BCFC /* RoomImageTableViewCell.m */; };
		D0F0EB6C1B1E76340042BCFC /* RoomInfoTableViewCell.m in Sources */ = {isa = PBXBuildFile; fileRef = D0F0EB6B1B1E76340042BCFC /* RoomInfoTableViewCell.m */; };
		D0F0EB6F1B1E76940042BCFC /* CheckIn_OutTableViewCell.m in Sources */ = {isa = PBXBuildFile; fileRef = D0F0EB6E1B1E76940042BCFC /* CheckIn_OutTableViewCell.m */; };
		D0F0EB721B1E76CA0042BCFC /* CredentialsTableViewCell.m in Sources */ = {isa = PBXBuildFile; fileRef = D0F0EB711B1E76CA0042BCFC /* CredentialsTableViewCell.m */; };
		D0F0EB751B1E797B0042BCFC /* Constants.m in Sources */ = {isa = PBXBuildFile; fileRef = D0F0EB741B1E797B0042BCFC /* Constants.m */; };
		D0F0EB781B1EB7110042BCFC /* MakeReservationTableViewController.m in Sources */ = {isa = PBXBuildFile; fileRef = D0F0EB771B1EB7110042BCFC /* MakeReservationTableViewController.m */; };
/* End PBXBuildFile section */

/* Begin PBXContainerItemProxy section */
		D0EEF5A41AF809DA0061905D /* PBXContainerItemProxy */ = {
			isa = PBXContainerItemProxy;
			containerPortal = D0EEF57F1AF809DA0061905D /* Project object */;
			proxyType = 1;
			remoteGlobalIDString = D0EEF5861AF809DA0061905D;
			remoteInfo = HotelManagerRM;
		};
/* End PBXContainerItemProxy section */

/* Begin PBXFileReference section */
		D007EE5D1B169502000FE400 /* HotelManagerGraphicsKit.h */ = {isa = PBXFileReference; fileEncoding = 4; lastKnownFileType = sourcecode.c.h; path = HotelManagerGraphicsKit.h; sourceTree = "<group>"; };
		D007EE5E1B169502000FE400 /* HotelManagerGraphicsKit.m */ = {isa = PBXFileReference; fileEncoding = 4; lastKnownFileType = sourcecode.c.objc; path = HotelManagerGraphicsKit.m; sourceTree = "<group>"; };
		D008B6C01AFBB9D900EAC22B /* DateViewController.h */ = {isa = PBXFileReference; fileEncoding = 4; lastKnownFileType = sourcecode.c.h; name = DateViewController.h; path = ../DateViewController.h; sourceTree = "<group>"; };
		D008B6C11AFBB9D900EAC22B /* DateViewController.m */ = {isa = PBXFileReference; fileEncoding = 4; lastKnownFileType = sourcecode.c.objc; name = DateViewController.m; path = ../DateViewController.m; sourceTree = "<group>"; };
		D008B6CF1AFBEA3200EAC22B /* AvailabilityTableViewController.h */ = {isa = PBXFileReference; fileEncoding = 4; lastKnownFileType = sourcecode.c.h; name = AvailabilityTableViewController.h; path = ../AvailabilityTableViewController.h; sourceTree = "<group>"; };
		D008B6D01AFBEA3200EAC22B /* AvailabilityTableViewController.m */ = {isa = PBXFileReference; fileEncoding = 4; lastKnownFileType = sourcecode.c.objc; name = AvailabilityTableViewController.m; path = ../AvailabilityTableViewController.m; sourceTree = "<group>"; };
		D008B6D91AFD314300EAC22B /* RoomTableViewController.h */ = {isa = PBXFileReference; fileEncoding = 4; lastKnownFileType = sourcecode.c.h; name = RoomTableViewController.h; path = ../RoomTableViewController.h; sourceTree = "<group>"; };
		D008B6DA1AFD314300EAC22B /* RoomTableViewController.m */ = {isa = PBXFileReference; fileEncoding = 4; lastKnownFileType = sourcecode.c.objc; name = RoomTableViewController.m; path = ../RoomTableViewController.m; sourceTree = "<group>"; };
		D008B6DD1AFD339600EAC22B /* HotelService.h */ = {isa = PBXFileReference; fileEncoding = 4; lastKnownFileType = sourcecode.c.h; name = HotelService.h; path = ../HotelService.h; sourceTree = "<group>"; };
		D008B6DE1AFD339600EAC22B /* HotelService.m */ = {isa = PBXFileReference; fileEncoding = 4; lastKnownFileType = sourcecode.c.objc; name = HotelService.m; path = ../HotelService.m; sourceTree = "<group>"; };
		D008B6E31AFD728D00EAC22B /* LoadViewControllerTableViewController.h */ = {isa = PBXFileReference; fileEncoding = 4; lastKnownFileType = sourcecode.c.h; name = LoadViewControllerTableViewController.h; path = ../HotelManagerRM/LoadViewControllerTableViewController.h; sourceTree = "<group>"; };
		D008B6E41AFD728D00EAC22B /* LoadViewControllerTableViewController.m */ = {isa = PBXFileReference; fileEncoding = 4; lastKnownFileType = sourcecode.c.objc; name = LoadViewControllerTableViewController.m; path = ../HotelManagerRM/LoadViewControllerTableViewController.m; sourceTree = "<group>"; };
		D010A02B1B163DEC003D773F /* AvailableRoomTableViewCell.h */ = {isa = PBXFileReference; fileEncoding = 4; lastKnownFileType = sourcecode.c.h; path = AvailableRoomTableViewCell.h; sourceTree = SOURCE_ROOT; };
		D010A02C1B163DEC003D773F /* AvailableRoomTableViewCell.m */ = {isa = PBXFileReference; fileEncoding = 4; lastKnownFileType = sourcecode.c.objc; path = AvailableRoomTableViewCell.m; sourceTree = SOURCE_ROOT; };
		D04D2AFA1AF92C3D00E23AA0 /* seed.json */ = {isa = PBXFileReference; fileEncoding = 4; lastKnownFileType = text.json; path = seed.json; sourceTree = "<group>"; };
		D061BCDD1DB96CB000EC7B0A /* HotelTableViewCell.h */ = {isa = PBXFileReference; fileEncoding = 4; lastKnownFileType = sourcecode.c.h; path = HotelTableViewCell.h; sourceTree = SOURCE_ROOT; };
		D061BCDE1DB96CB000EC7B0A /* HotelTableViewCell.m */ = {isa = PBXFileReference; fileEncoding = 4; lastKnownFileType = sourcecode.c.objc; path = HotelTableViewCell.m; sourceTree = SOURCE_ROOT; };
		D061BCE01DBAC86600EC7B0A /* CDPersistenceController.h */ = {isa = PBXFileReference; fileEncoding = 4; lastKnownFileType = sourcecode.c.h; path = CDPersistenceController.h; sourceTree = "<group>"; };
		D061BCE11DBAC86600EC7B0A /* CDPersistenceController.m */ = {isa = PBXFileReference; fileEncoding = 4; lastKnownFileType = sourcecode.c.objc; path = CDPersistenceController.m; sourceTree = "<group>"; };
		D064CCAD1AFFF15400771D60 /* GuestServicesViewController.h */ = {isa = PBXFileReference; fileEncoding = 4; lastKnownFileType = sourcecode.c.h; name = GuestServicesViewController.h; path = ../GuestServicesViewController.h; sourceTree = "<group>"; };
		D064CCAE1AFFF15400771D60 /* GuestServicesViewController.m */ = {isa = PBXFileReference; fileEncoding = 4; lastKnownFileType = sourcecode.c.objc; name = GuestServicesViewController.m; path = ../GuestServicesViewController.m; sourceTree = "<group>"; };
		D064CCB01B01121D00771D60 /* GuestReservationsTableViewController.h */ = {isa = PBXFileReference; fileEncoding = 4; lastKnownFileType = sourcecode.c.h; name = GuestReservationsTableViewController.h; path = ../GuestReservationsTableViewController.h; sourceTree = "<group>"; };
		D064CCB11B01121D00771D60 /* GuestReservationsTableViewController.m */ = {isa = PBXFileReference; fileEncoding = 4; lastKnownFileType = sourcecode.c.objc; name = GuestReservationsTableViewController.m; path = ../GuestReservationsTableViewController.m; sourceTree = "<group>"; };
		D064CCB31B01150E00771D60 /* GuestCheckInViewController.h */ = {isa = PBXFileReference; fileEncoding = 4; lastKnownFileType = sourcecode.c.h; name = GuestCheckInViewController.h; path = ../GuestCheckInViewController.h; sourceTree = "<group>"; };
		D064CCB41B01150E00771D60 /* GuestCheckInViewController.m */ = {isa = PBXFileReference; fileEncoding = 4; lastKnownFileType = sourcecode.c.objc; name = GuestCheckInViewController.m; path = ../GuestCheckInViewController.m; sourceTree = "<group>"; };
		D0A929101B2A178D00CC7715 /* CheckoutButtonTableViewCell.h */ = {isa = PBXFileReference; fileEncoding = 4; lastKnownFileType = sourcecode.c.h; name = CheckoutButtonTableViewCell.h; path = ../CheckoutButtonTableViewCell.h; sourceTree = "<group>"; };
		D0A929111B2A178D00CC7715 /* CheckoutButtonTableViewCell.m */ = {isa = PBXFileReference; fileEncoding = 4; lastKnownFileType = sourcecode.c.objc; name = CheckoutButtonTableViewCell.m; path = ../CheckoutButtonTableViewCell.m; sourceTree = "<group>"; };
		D0EDE8B61DC4000000C92C10 /* Reservation+CoreDataClass.h */ = {isa = PBXFileReference; fileEncoding = 4; lastKnownFileType = sourcecode.c.h; name = "Reservation+CoreDataClass.h"; path = "../Reservation+CoreDataClass.h"; sourceTree = "<group>"; };
		D0EDE8B71DC4000000C92C10 /* Reservation+CoreDataClass.m */ = {isa = PBXFileReference; fileEncoding = 4; lastKnownFileType = sourcecode.c.objc; name = "Reservation+CoreDataClass.m"; path = "../Reservation+CoreDataClass.m"; sourceTree = "<group>"; };
		D0EDE8B81DC4000000C92C10 /* Reservation+CoreDataProperties.h */ = {isa = PBXFileReference; fileEncoding = 4; lastKnownFileType = sourcecode.c.h; name = "Reservation+CoreDataProperties.h"; path = "../Reservation+CoreDataProperties.h"; sourceTree = "<group>"; };
		D0EDE8B91DC4000000C92C10 /* Reservation+CoreDataProperties.m */ = {isa = PBXFileReference; fileEncoding = 4; lastKnownFileType = sourcecode.c.objc; name = "Reservation+CoreDataProperties.m"; path = "../Reservation+CoreDataProperties.m"; sourceTree = "<group>"; };
		D0EDE8BC1DC4003300C92C10 /* Guest+CoreDataClass.h */ = {isa = PBXFileReference; fileEncoding = 4; lastKnownFileType = sourcecode.c.h; name = "Guest+CoreDataClass.h"; path = "../Guest+CoreDataClass.h"; sourceTree = "<group>"; };
		D0EDE8BD1DC4003300C92C10 /* Guest+CoreDataClass.m */ = {isa = PBXFileReference; fileEncoding = 4; lastKnownFileType = sourcecode.c.objc; name = "Guest+CoreDataClass.m"; path = "../Guest+CoreDataClass.m"; sourceTree = "<group>"; };
		D0EDE8BE1DC4003300C92C10 /* Guest+CoreDataProperties.h */ = {isa = PBXFileReference; fileEncoding = 4; lastKnownFileType = sourcecode.c.h; name = "Guest+CoreDataProperties.h"; path = "../Guest+CoreDataProperties.h"; sourceTree = "<group>"; };
		D0EDE8BF1DC4003300C92C10 /* Guest+CoreDataProperties.m */ = {isa = PBXFileReference; fileEncoding = 4; lastKnownFileType = sourcecode.c.objc; name = "Guest+CoreDataProperties.m"; path = "../Guest+CoreDataProperties.m"; sourceTree = "<group>"; };
		D0EDE8C01DC4003300C92C10 /* Room+CoreDataClass.h */ = {isa = PBXFileReference; fileEncoding = 4; lastKnownFileType = sourcecode.c.h; name = "Room+CoreDataClass.h"; path = "../Room+CoreDataClass.h"; sourceTree = "<group>"; };
		D0EDE8C11DC4003300C92C10 /* Room+CoreDataClass.m */ = {isa = PBXFileReference; fileEncoding = 4; lastKnownFileType = sourcecode.c.objc; name = "Room+CoreDataClass.m"; path = "../Room+CoreDataClass.m"; sourceTree = "<group>"; };
		D0EDE8C21DC4003300C92C10 /* Room+CoreDataProperties.h */ = {isa = PBXFileReference; fileEncoding = 4; lastKnownFileType = sourcecode.c.h; name = "Room+CoreDataProperties.h"; path = "../Room+CoreDataProperties.h"; sourceTree = "<group>"; };
		D0EDE8C31DC4003300C92C10 /* Room+CoreDataProperties.m */ = {isa = PBXFileReference; fileEncoding = 4; lastKnownFileType = sourcecode.c.objc; name = "Room+CoreDataProperties.m"; path = "../Room+CoreDataProperties.m"; sourceTree = "<group>"; };
		D0EDE8C41DC4003300C92C10 /* Hotel+CoreDataClass.h */ = {isa = PBXFileReference; fileEncoding = 4; lastKnownFileType = sourcecode.c.h; name = "Hotel+CoreDataClass.h"; path = "../Hotel+CoreDataClass.h"; sourceTree = "<group>"; };
		D0EDE8C51DC4003300C92C10 /* Hotel+CoreDataClass.m */ = {isa = PBXFileReference; fileEncoding = 4; lastKnownFileType = sourcecode.c.objc; name = "Hotel+CoreDataClass.m"; path = "../Hotel+CoreDataClass.m"; sourceTree = "<group>"; };
		D0EDE8C61DC4003300C92C10 /* Hotel+CoreDataProperties.h */ = {isa = PBXFileReference; fileEncoding = 4; lastKnownFileType = sourcecode.c.h; name = "Hotel+CoreDataProperties.h"; path = "../Hotel+CoreDataProperties.h"; sourceTree = "<group>"; };
		D0EDE8C71DC4003300C92C10 /* Hotel+CoreDataProperties.m */ = {isa = PBXFileReference; fileEncoding = 4; lastKnownFileType = sourcecode.c.objc; name = "Hotel+CoreDataProperties.m"; path = "../Hotel+CoreDataProperties.m"; sourceTree = "<group>"; };
		D0EEF5871AF809DA0061905D /* HotelManagerRM.app */ = {isa = PBXFileReference; explicitFileType = wrapper.application; includeInIndex = 0; path = HotelManagerRM.app; sourceTree = BUILT_PRODUCTS_DIR; };
		D0EEF58B1AF809DA0061905D /* Info.plist */ = {isa = PBXFileReference; lastKnownFileType = text.plist.xml; path = Info.plist; sourceTree = "<group>"; };
		D0EEF58C1AF809DA0061905D /* main.m */ = {isa = PBXFileReference; lastKnownFileType = sourcecode.c.objc; path = main.m; sourceTree = "<group>"; };
		D0EEF58E1AF809DA0061905D /* AppDelegate.h */ = {isa = PBXFileReference; lastKnownFileType = sourcecode.c.h; name = AppDelegate.h; path = ../HotelManagerRM/AppDelegate.h; sourceTree = "<group>"; };
		D0EEF58F1AF809DA0061905D /* AppDelegate.m */ = {isa = PBXFileReference; lastKnownFileType = sourcecode.c.objc; name = AppDelegate.m; path = ../HotelManagerRM/AppDelegate.m; sourceTree = "<group>"; };
		D0EEF5921AF809DA0061905D /* HotelManagerRM.xcdatamodel */ = {isa = PBXFileReference; lastKnownFileType = wrapper.xcdatamodel; path = HotelManagerRM.xcdatamodel; sourceTree = "<group>"; };
		D0EEF5941AF809DA0061905D /* ViewController.h */ = {isa = PBXFileReference; lastKnownFileType = sourcecode.c.h; path = ViewController.h; sourceTree = "<group>"; };
		D0EEF5951AF809DA0061905D /* ViewController.m */ = {isa = PBXFileReference; lastKnownFileType = sourcecode.c.objc; path = ViewController.m; sourceTree = "<group>"; };
		D0EEF5981AF809DA0061905D /* Base */ = {isa = PBXFileReference; lastKnownFileType = file.storyboard; name = Base; path = Base.lproj/Main.storyboard; sourceTree = "<group>"; };
		D0EEF59A1AF809DA0061905D /* Images.xcassets */ = {isa = PBXFileReference; lastKnownFileType = folder.assetcatalog; name = Images.xcassets; path = ../HotelManagerRM/Images.xcassets; sourceTree = "<group>"; };
		D0EEF59D1AF809DA0061905D /* Base */ = {isa = PBXFileReference; lastKnownFileType = file.xib; name = Base; path = Base.lproj/LaunchScreen.xib; sourceTree = "<group>"; };
		D0EEF5A31AF809DA0061905D /* HotelManagerRMTests.xctest */ = {isa = PBXFileReference; explicitFileType = wrapper.cfbundle; includeInIndex = 0; path = HotelManagerRMTests.xctest; sourceTree = BUILT_PRODUCTS_DIR; };
		D0EEF5A81AF809DA0061905D /* Info.plist */ = {isa = PBXFileReference; lastKnownFileType = text.plist.xml; path = Info.plist; sourceTree = "<group>"; };
		D0EEF5A91AF809DA0061905D /* HotelManagerRMTests.m */ = {isa = PBXFileReference; lastKnownFileType = sourcecode.c.objc; path = HotelManagerRMTests.m; sourceTree = "<group>"; };
		D0F059491AF9D7F400914A7A /* CoreData.framework */ = {isa = PBXFileReference; lastKnownFileType = wrapper.framework; name = CoreData.framework; path = System/Library/Frameworks/CoreData.framework; sourceTree = SDKROOT; };
		D0F0594B1AFA6C3000914A7A /* HotelManagerRM 2.xcdatamodel */ = {isa = PBXFileReference; lastKnownFileType = wrapper.xcdatamodel; path = "HotelManagerRM 2.xcdatamodel"; sourceTree = "<group>"; };
		D0F0AD6F1AF879E9009F1AA3 /* JSONParser.h */ = {isa = PBXFileReference; fileEncoding = 4; lastKnownFileType = sourcecode.c.h; name = JSONParser.h; path = ../JSONParser.h; sourceTree = "<group>"; };
		D0F0AD701AF879EA009F1AA3 /* JSONParser.m */ = {isa = PBXFileReference; fileEncoding = 4; lastKnownFileType = sourcecode.c.objc; name = JSONParser.m; path = ../JSONParser.m; sourceTree = "<group>"; };
		D0F0AD721AF879FB009F1AA3 /* HotelViewController.h */ = {isa = PBXFileReference; fileEncoding = 4; lastKnownFileType = sourcecode.c.h; name = HotelViewController.h; path = ../HotelViewController.h; sourceTree = "<group>"; };
		D0F0AD731AF879FB009F1AA3 /* HotelViewController.m */ = {isa = PBXFileReference; fileEncoding = 4; lastKnownFileType = sourcecode.c.objc; name = HotelViewController.m; path = ../HotelViewController.m; sourceTree = "<group>"; };
		D0F0EB671B1E6ED30042BCFC /* RoomImageTableViewCell.h */ = {isa = PBXFileReference; fileEncoding = 4; lastKnownFileType = sourcecode.c.h; path = RoomImageTableViewCell.h; sourceTree = "<group>"; };
		D0F0EB681B1E6ED30042BCFC /* RoomImageTableViewCell.m */ = {isa = PBXFileReference; fileEncoding = 4; lastKnownFileType = sourcecode.c.objc; path = RoomImageTableViewCell.m; sourceTree = "<group>"; };
		D0F0EB6A1B1E76340042BCFC /* RoomInfoTableViewCell.h */ = {isa = PBXFileReference; fileEncoding = 4; lastKnownFileType = sourcecode.c.h; name = RoomInfoTableViewCell.h; path = ../RoomInfoTableViewCell.h; sourceTree = "<group>"; };
		D0F0EB6B1B1E76340042BCFC /* RoomInfoTableViewCell.m */ = {isa = PBXFileReference; fileEncoding = 4; lastKnownFileType = sourcecode.c.objc; name = RoomInfoTableViewCell.m; path = ../RoomInfoTableViewCell.m; sourceTree = "<group>"; };
		D0F0EB6D1B1E76940042BCFC /* CheckIn_OutTableViewCell.h */ = {isa = PBXFileReference; fileEncoding = 4; lastKnownFileType = sourcecode.c.h; name = CheckIn_OutTableViewCell.h; path = ../CheckIn_OutTableViewCell.h; sourceTree = "<group>"; };
		D0F0EB6E1B1E76940042BCFC /* CheckIn_OutTableViewCell.m */ = {isa = PBXFileReference; fileEncoding = 4; lastKnownFileType = sourcecode.c.objc; name = CheckIn_OutTableViewCell.m; path = ../CheckIn_OutTableViewCell.m; sourceTree = "<group>"; };
		D0F0EB701B1E76CA0042BCFC /* CredentialsTableViewCell.h */ = {isa = PBXFileReference; fileEncoding = 4; lastKnownFileType = sourcecode.c.h; name = CredentialsTableViewCell.h; path = ../CredentialsTableViewCell.h; sourceTree = "<group>"; };
		D0F0EB711B1E76CA0042BCFC /* CredentialsTableViewCell.m */ = {isa = PBXFileReference; fileEncoding = 4; lastKnownFileType = sourcecode.c.objc; name = CredentialsTableViewCell.m; path = ../CredentialsTableViewCell.m; sourceTree = "<group>"; };
		D0F0EB731B1E797B0042BCFC /* Constants.h */ = {isa = PBXFileReference; fileEncoding = 4; lastKnownFileType = sourcecode.c.h; path = Constants.h; sourceTree = "<group>"; };
		D0F0EB741B1E797B0042BCFC /* Constants.m */ = {isa = PBXFileReference; fileEncoding = 4; lastKnownFileType = sourcecode.c.objc; path = Constants.m; sourceTree = "<group>"; };
		D0F0EB761B1EB7110042BCFC /* MakeReservationTableViewController.h */ = {isa = PBXFileReference; fileEncoding = 4; lastKnownFileType = sourcecode.c.h; name = MakeReservationTableViewController.h; path = ../MakeReservationTableViewController.h; sourceTree = "<group>"; };
		D0F0EB771B1EB7110042BCFC /* MakeReservationTableViewController.m */ = {isa = PBXFileReference; fileEncoding = 4; lastKnownFileType = sourcecode.c.objc; name = MakeReservationTableViewController.m; path = ../MakeReservationTableViewController.m; sourceTree = "<group>"; };
/* End PBXFileReference section */

/* Begin PBXFrameworksBuildPhase section */
		D0EEF5841AF809DA0061905D /* Frameworks */ = {
			isa = PBXFrameworksBuildPhase;
			buildActionMask = 2147483647;
			files = (
				D0F0594A1AF9D7F400914A7A /* CoreData.framework in Frameworks */,
			);
			runOnlyForDeploymentPostprocessing = 0;
		};
		D0EEF5A01AF809DA0061905D /* Frameworks */ = {
			isa = PBXFrameworksBuildPhase;
			buildActionMask = 2147483647;
			files = (
			);
			runOnlyForDeploymentPostprocessing = 0;
		};
/* End PBXFrameworksBuildPhase section */

/* Begin PBXGroup section */
		D061BCD91DB96C1500EC7B0A /* Table View Cells */ = {
			isa = PBXGroup;
			children = (
				D010A02B1B163DEC003D773F /* AvailableRoomTableViewCell.h */,
				D010A02C1B163DEC003D773F /* AvailableRoomTableViewCell.m */,
				D0F0EB6D1B1E76940042BCFC /* CheckIn_OutTableViewCell.h */,
				D0F0EB6E1B1E76940042BCFC /* CheckIn_OutTableViewCell.m */,
				D0A929101B2A178D00CC7715 /* CheckoutButtonTableViewCell.h */,
				D0A929111B2A178D00CC7715 /* CheckoutButtonTableViewCell.m */,
				D0F0EB701B1E76CA0042BCFC /* CredentialsTableViewCell.h */,
				D0F0EB711B1E76CA0042BCFC /* CredentialsTableViewCell.m */,
				D0F0EB6A1B1E76340042BCFC /* RoomInfoTableViewCell.h */,
				D0F0EB6B1B1E76340042BCFC /* RoomInfoTableViewCell.m */,
				D0F0EB671B1E6ED30042BCFC /* RoomImageTableViewCell.h */,
				D0F0EB681B1E6ED30042BCFC /* RoomImageTableViewCell.m */,
				D061BCDD1DB96CB000EC7B0A /* HotelTableViewCell.h */,
				D061BCDE1DB96CB000EC7B0A /* HotelTableViewCell.m */,
			);
			name = "Table View Cells";
			sourceTree = "<group>";
		};
		D0EEF57E1AF809DA0061905D = {
			isa = PBXGroup;
			children = (
				D0F059491AF9D7F400914A7A /* CoreData.framework */,
				D0EEF5891AF809DA0061905D /* HotelManagerRM */,
				D0EEF5A61AF809DA0061905D /* HotelManagerRMTests */,
				D0EEF5881AF809DA0061905D /* Products */,
			);
			sourceTree = "<group>";
		};
		D0EEF5881AF809DA0061905D /* Products */ = {
			isa = PBXGroup;
			children = (
				D0EEF5871AF809DA0061905D /* HotelManagerRM.app */,
				D0EEF5A31AF809DA0061905D /* HotelManagerRMTests.xctest */,
			);
			name = Products;
			sourceTree = "<group>";
		};
		D0EEF5891AF809DA0061905D /* HotelManagerRM */ = {
			isa = PBXGroup;
			children = (
				D0F0AD751AF87A17009F1AA3 /* Controller */,
				D0F0AD761AF87A17009F1AA3 /* View */,
				D0F0AD771AF87A17009F1AA3 /* Model */,
				D0EEF58A1AF809DA0061905D /* Supporting Files */,
			);
			path = HotelManagerRM;
			sourceTree = "<group>";
		};
		D0EEF58A1AF809DA0061905D /* Supporting Files */ = {
			isa = PBXGroup;
			children = (
				D0EEF5941AF809DA0061905D /* ViewController.h */,
				D0EEF5951AF809DA0061905D /* ViewController.m */,
				D04D2AFA1AF92C3D00E23AA0 /* seed.json */,
				D0EEF58B1AF809DA0061905D /* Info.plist */,
				D0EEF58C1AF809DA0061905D /* main.m */,
			);
			name = "Supporting Files";
			sourceTree = "<group>";
		};
		D0EEF5A61AF809DA0061905D /* HotelManagerRMTests */ = {
			isa = PBXGroup;
			children = (
				D0EEF5A91AF809DA0061905D /* HotelManagerRMTests.m */,
				D0EEF5A71AF809DA0061905D /* Supporting Files */,
			);
			path = HotelManagerRMTests;
			sourceTree = "<group>";
		};
		D0EEF5A71AF809DA0061905D /* Supporting Files */ = {
			isa = PBXGroup;
			children = (
				D0EEF5A81AF809DA0061905D /* Info.plist */,
			);
			name = "Supporting Files";
			sourceTree = "<group>";
		};
		D0F0AD751AF87A17009F1AA3 /* Controller */ = {
			isa = PBXGroup;
			children = (
				D0F0EB761B1EB7110042BCFC /* MakeReservationTableViewController.h */,
				D0F0EB771B1EB7110042BCFC /* MakeReservationTableViewController.m */,
				D064CCB31B01150E00771D60 /* GuestCheckInViewController.h */,
				D064CCB41B01150E00771D60 /* GuestCheckInViewController.m */,
				D064CCB01B01121D00771D60 /* GuestReservationsTableViewController.h */,
				D064CCB11B01121D00771D60 /* GuestReservationsTableViewController.m */,
				D064CCAD1AFFF15400771D60 /* GuestServicesViewController.h */,
				D064CCAE1AFFF15400771D60 /* GuestServicesViewController.m */,
				D008B6D91AFD314300EAC22B /* RoomTableViewController.h */,
				D008B6DA1AFD314300EAC22B /* RoomTableViewController.m */,
				D008B6E31AFD728D00EAC22B /* LoadViewControllerTableViewController.h */,
				D008B6E41AFD728D00EAC22B /* LoadViewControllerTableViewController.m */,
				D008B6CF1AFBEA3200EAC22B /* AvailabilityTableViewController.h */,
				D008B6D01AFBEA3200EAC22B /* AvailabilityTableViewController.m */,
				D007EE5D1B169502000FE400 /* HotelManagerGraphicsKit.h */,
				D007EE5E1B169502000FE400 /* HotelManagerGraphicsKit.m */,
				D008B6C01AFBB9D900EAC22B /* DateViewController.h */,
				D008B6C11AFBB9D900EAC22B /* DateViewController.m */,
				D0F0AD721AF879FB009F1AA3 /* HotelViewController.h */,
				D0F0AD731AF879FB009F1AA3 /* HotelViewController.m */,
			);
			name = Controller;
			path = HotelManagerRM.xcodeproj;
			sourceTree = SOURCE_ROOT;
		};
		D0F0AD761AF87A17009F1AA3 /* View */ = {
			isa = PBXGroup;
			children = (
				D0EEF5971AF809DA0061905D /* Main.storyboard */,
				D0EEF59A1AF809DA0061905D /* Images.xcassets */,
				D0EEF59C1AF809DA0061905D /* LaunchScreen.xib */,
				D061BCD91DB96C1500EC7B0A /* Table View Cells */,
			);
			name = View;
			path = HotelManagerRM.xcodeproj;
			sourceTree = SOURCE_ROOT;
		};
		D0F0AD771AF87A17009F1AA3 /* Model */ = {
			isa = PBXGroup;
			children = (
				D0EDE8BC1DC4003300C92C10 /* Guest+CoreDataClass.h */,
				D0EDE8BD1DC4003300C92C10 /* Guest+CoreDataClass.m */,
				D0EDE8BE1DC4003300C92C10 /* Guest+CoreDataProperties.h */,
				D0EDE8BF1DC4003300C92C10 /* Guest+CoreDataProperties.m */,
				D0EDE8C01DC4003300C92C10 /* Room+CoreDataClass.h */,
				D0EDE8C11DC4003300C92C10 /* Room+CoreDataClass.m */,
				D0EDE8C21DC4003300C92C10 /* Room+CoreDataProperties.h */,
				D0EDE8C31DC4003300C92C10 /* Room+CoreDataProperties.m */,
				D0EDE8C41DC4003300C92C10 /* Hotel+CoreDataClass.h */,
				D0EDE8C51DC4003300C92C10 /* Hotel+CoreDataClass.m */,
				D0EDE8C61DC4003300C92C10 /* Hotel+CoreDataProperties.h */,
				D0EDE8C71DC4003300C92C10 /* Hotel+CoreDataProperties.m */,
				D0EDE8B61DC4000000C92C10 /* Reservation+CoreDataClass.h */,
				D0EDE8B71DC4000000C92C10 /* Reservation+CoreDataClass.m */,
				D0EDE8B81DC4000000C92C10 /* Reservation+CoreDataProperties.h */,
				D0EDE8B91DC4000000C92C10 /* Reservation+CoreDataProperties.m */,
				D008B6DD1AFD339600EAC22B /* HotelService.h */,
				D008B6DE1AFD339600EAC22B /* HotelService.m */,
				D0F0AD6F1AF879E9009F1AA3 /* JSONParser.h */,
				D0F0AD701AF879EA009F1AA3 /* JSONParser.m */,
				D0EEF58E1AF809DA0061905D /* AppDelegate.h */,
				D0EEF58F1AF809DA0061905D /* AppDelegate.m */,
				D0EEF5911AF809DA0061905D /* HotelManagerRM.xcdatamodeld */,
				D0F0EB731B1E797B0042BCFC /* Constants.h */,
				D0F0EB741B1E797B0042BCFC /* Constants.m */,
				D061BCE01DBAC86600EC7B0A /* CDPersistenceController.h */,
				D061BCE11DBAC86600EC7B0A /* CDPersistenceController.m */,
			);
			name = Model;
			path = HotelManagerRM.xcodeproj;
			sourceTree = SOURCE_ROOT;
		};
/* End PBXGroup section */

/* Begin PBXNativeTarget section */
		D0EEF5861AF809DA0061905D /* HotelManagerRM */ = {
			isa = PBXNativeTarget;
			buildConfigurationList = D0EEF5AD1AF809DA0061905D /* Build configuration list for PBXNativeTarget "HotelManagerRM" */;
			buildPhases = (
				D0EEF5831AF809DA0061905D /* Sources */,
				D0EEF5841AF809DA0061905D /* Frameworks */,
				D0EEF5851AF809DA0061905D /* Resources */,
			);
			buildRules = (
			);
			dependencies = (
			);
			name = HotelManagerRM;
			productName = HotelManagerRM;
			productReference = D0EEF5871AF809DA0061905D /* HotelManagerRM.app */;
			productType = "com.apple.product-type.application";
		};
		D0EEF5A21AF809DA0061905D /* HotelManagerRMTests */ = {
			isa = PBXNativeTarget;
			buildConfigurationList = D0EEF5B01AF809DA0061905D /* Build configuration list for PBXNativeTarget "HotelManagerRMTests" */;
			buildPhases = (
				D0EEF59F1AF809DA0061905D /* Sources */,
				D0EEF5A01AF809DA0061905D /* Frameworks */,
				D0EEF5A11AF809DA0061905D /* Resources */,
			);
			buildRules = (
			);
			dependencies = (
				D0EEF5A51AF809DA0061905D /* PBXTargetDependency */,
			);
			name = HotelManagerRMTests;
			productName = HotelManagerRMTests;
			productReference = D0EEF5A31AF809DA0061905D /* HotelManagerRMTests.xctest */;
			productType = "com.apple.product-type.bundle.unit-test";
		};
/* End PBXNativeTarget section */

/* Begin PBXProject section */
		D0EEF57F1AF809DA0061905D /* Project object */ = {
			isa = PBXProject;
			attributes = {
				LastUpgradeCheck = 0800;
				ORGANIZATIONNAME = "Randy McLain";
				TargetAttributes = {
					D0EEF5861AF809DA0061905D = {
						CreatedOnToolsVersion = 6.3;
						DevelopmentTeam = QWRJC78833;
					};
					D0EEF5A21AF809DA0061905D = {
						CreatedOnToolsVersion = 6.3;
						TestTargetID = D0EEF5861AF809DA0061905D;
					};
				};
			};
			buildConfigurationList = D0EEF5821AF809DA0061905D /* Build configuration list for PBXProject "HotelManagerRM" */;
			compatibilityVersion = "Xcode 3.2";
			developmentRegion = English;
			hasScannedForEncodings = 0;
			knownRegions = (
				en,
				Base,
			);
			mainGroup = D0EEF57E1AF809DA0061905D;
			productRefGroup = D0EEF5881AF809DA0061905D /* Products */;
			projectDirPath = "";
			projectRoot = "";
			targets = (
				D0EEF5861AF809DA0061905D /* HotelManagerRM */,
				D0EEF5A21AF809DA0061905D /* HotelManagerRMTests */,
			);
		};
/* End PBXProject section */

/* Begin PBXResourcesBuildPhase section */
		D0EEF5851AF809DA0061905D /* Resources */ = {
			isa = PBXResourcesBuildPhase;
			buildActionMask = 2147483647;
			files = (
				D0EEF5991AF809DA0061905D /* Main.storyboard in Resources */,
				D0EEF59E1AF809DA0061905D /* LaunchScreen.xib in Resources */,
				D04D2AFB1AF92C3D00E23AA0 /* seed.json in Resources */,
				D0EEF59B1AF809DA0061905D /* Images.xcassets in Resources */,
			);
			runOnlyForDeploymentPostprocessing = 0;
		};
		D0EEF5A11AF809DA0061905D /* Resources */ = {
			isa = PBXResourcesBuildPhase;
			buildActionMask = 2147483647;
			files = (
			);
			runOnlyForDeploymentPostprocessing = 0;
		};
/* End PBXResourcesBuildPhase section */

/* Begin PBXSourcesBuildPhase section */
		D0EEF5831AF809DA0061905D /* Sources */ = {
			isa = PBXSourcesBuildPhase;
			buildActionMask = 2147483647;
			files = (
				D010A02D1B163DEC003D773F /* AvailableRoomTableViewCell.m in Sources */,
				D0F0AD741AF879FB009F1AA3 /* HotelViewController.m in Sources */,
				D0EEF5901AF809DA0061905D /* AppDelegate.m in Sources */,
				D061BCE21DBAC86600EC7B0A /* CDPersistenceController.m in Sources */,
				D0EDE8CA1DC4003300C92C10 /* Room+CoreDataClass.m in Sources */,
				D0EDE8BA1DC4000000C92C10 /* Reservation+CoreDataClass.m in Sources */,
				D0EDE8C91DC4003300C92C10 /* Guest+CoreDataProperties.m in Sources */,
				D0F0EB6C1B1E76340042BCFC /* RoomInfoTableViewCell.m in Sources */,
				D0A929121B2A178D00CC7715 /* CheckoutButtonTableViewCell.m in Sources */,
				D007EE5F1B169502000FE400 /* HotelManagerGraphicsKit.m in Sources */,
				D0F0AD711AF879EA009F1AA3 /* JSONParser.m in Sources */,
				D0F0EB6F1B1E76940042BCFC /* CheckIn_OutTableViewCell.m in Sources */,
				D064CCAF1AFFF15400771D60 /* GuestServicesViewController.m in Sources */,
				D0F0EB751B1E797B0042BCFC /* Constants.m in Sources */,
				D0EDE8CB1DC4003300C92C10 /* Room+CoreDataProperties.m in Sources */,
				D061BCDF1DB96CB000EC7B0A /* HotelTableViewCell.m in Sources */,
				D0EDE8CC1DC4003300C92C10 /* Hotel+CoreDataClass.m in Sources */,
				D008B6DF1AFD339600EAC22B /* HotelService.m in Sources */,
				D008B6DB1AFD314300EAC22B /* RoomTableViewController.m in Sources */,
				D0EEF5931AF809DA0061905D /* HotelManagerRM.xcdatamodeld in Sources */,
				D0EDE8C81DC4003300C92C10 /* Guest+CoreDataClass.m in Sources */,
				D008B6C21AFBB9D900EAC22B /* DateViewController.m in Sources */,
				D064CCB51B01150E00771D60 /* GuestCheckInViewController.m in Sources */,
				D0F0EB691B1E6ED30042BCFC /* RoomImageTableViewCell.m in Sources */,
				D008B6E51AFD728D00EAC22B /* LoadViewControllerTableViewController.m in Sources */,
				D008B6D11AFBEA3200EAC22B /* AvailabilityTableViewController.m in Sources */,
				D0F0EB781B1EB7110042BCFC /* MakeReservationTableViewController.m in Sources */,
				D0EDE8CD1DC4003300C92C10 /* Hotel+CoreDataProperties.m in Sources */,
				D064CCB21B01121D00771D60 /* GuestReservationsTableViewController.m in Sources */,
				D0EEF5961AF809DA0061905D /* ViewController.m in Sources */,
				D0F0EB721B1E76CA0042BCFC /* CredentialsTableViewCell.m in Sources */,
				D0EDE8BB1DC4000000C92C10 /* Reservation+CoreDataProperties.m in Sources */,
				D0EEF58D1AF809DA0061905D /* main.m in Sources */,
			);
			runOnlyForDeploymentPostprocessing = 0;
		};
		D0EEF59F1AF809DA0061905D /* Sources */ = {
			isa = PBXSourcesBuildPhase;
			buildActionMask = 2147483647;
			files = (
				D0EEF5AA1AF809DA0061905D /* HotelManagerRMTests.m in Sources */,
			);
			runOnlyForDeploymentPostprocessing = 0;
		};
/* End PBXSourcesBuildPhase section */

/* Begin PBXTargetDependency section */
		D0EEF5A51AF809DA0061905D /* PBXTargetDependency */ = {
			isa = PBXTargetDependency;
			target = D0EEF5861AF809DA0061905D /* HotelManagerRM */;
			targetProxy = D0EEF5A41AF809DA0061905D /* PBXContainerItemProxy */;
		};
/* End PBXTargetDependency section */

/* Begin PBXVariantGroup section */
		D0EEF5971AF809DA0061905D /* Main.storyboard */ = {
			isa = PBXVariantGroup;
			children = (
				D0EEF5981AF809DA0061905D /* Base */,
			);
			name = Main.storyboard;
			path = ../HotelManagerRM;
			sourceTree = "<group>";
		};
		D0EEF59C1AF809DA0061905D /* LaunchScreen.xib */ = {
			isa = PBXVariantGroup;
			children = (
				D0EEF59D1AF809DA0061905D /* Base */,
			);
			name = LaunchScreen.xib;
			path = ../HotelManagerRM;
			sourceTree = "<group>";
		};
/* End PBXVariantGroup section */

/* Begin XCBuildConfiguration section */
		D0EEF5AB1AF809DA0061905D /* Debug */ = {
			isa = XCBuildConfiguration;
			buildSettings = {
				ALWAYS_SEARCH_USER_PATHS = NO;
				CLANG_CXX_LANGUAGE_STANDARD = "gnu++0x";
				CLANG_CXX_LIBRARY = "libc++";
				CLANG_ENABLE_MODULES = YES;
				CLANG_ENABLE_OBJC_ARC = YES;
				CLANG_WARN_BOOL_CONVERSION = YES;
				CLANG_WARN_CONSTANT_CONVERSION = YES;
				CLANG_WARN_DIRECT_OBJC_ISA_USAGE = YES_ERROR;
				CLANG_WARN_EMPTY_BODY = YES;
				CLANG_WARN_ENUM_CONVERSION = YES;
				CLANG_WARN_INFINITE_RECURSION = YES;
				CLANG_WARN_INT_CONVERSION = YES;
				CLANG_WARN_OBJC_ROOT_CLASS = YES_ERROR;
				CLANG_WARN_SUSPICIOUS_MOVE = YES;
				CLANG_WARN_UNREACHABLE_CODE = YES;
				CLANG_WARN__DUPLICATE_METHOD_MATCH = YES;
				"CODE_SIGN_IDENTITY[sdk=iphoneos*]" = "iPhone Developer";
				COPY_PHASE_STRIP = NO;
				DEBUG_INFORMATION_FORMAT = "dwarf-with-dsym";
				ENABLE_STRICT_OBJC_MSGSEND = YES;
				ENABLE_TESTABILITY = YES;
				GCC_C_LANGUAGE_STANDARD = gnu99;
				GCC_DYNAMIC_NO_PIC = NO;
				GCC_NO_COMMON_BLOCKS = YES;
				GCC_OPTIMIZATION_LEVEL = 0;
				GCC_PREPROCESSOR_DEFINITIONS = (
					"DEBUG=1",
					"$(inherited)",
				);
				GCC_SYMBOLS_PRIVATE_EXTERN = NO;
				GCC_WARN_64_TO_32_BIT_CONVERSION = YES;
				GCC_WARN_ABOUT_RETURN_TYPE = YES_ERROR;
				GCC_WARN_UNDECLARED_SELECTOR = YES;
				GCC_WARN_UNINITIALIZED_AUTOS = YES_AGGRESSIVE;
				GCC_WARN_UNUSED_FUNCTION = YES;
				GCC_WARN_UNUSED_VARIABLE = YES;
				IPHONEOS_DEPLOYMENT_TARGET = 8.3;
				MTL_ENABLE_DEBUG_INFO = YES;
				ONLY_ACTIVE_ARCH = YES;
				SDKROOT = iphoneos;
				TARGETED_DEVICE_FAMILY = "1,2";
			};
			name = Debug;
		};
		D0EEF5AC1AF809DA0061905D /* Release */ = {
			isa = XCBuildConfiguration;
			buildSettings = {
				ALWAYS_SEARCH_USER_PATHS = NO;
				CLANG_CXX_LANGUAGE_STANDARD = "gnu++0x";
				CLANG_CXX_LIBRARY = "libc++";
				CLANG_ENABLE_MODULES = YES;
				CLANG_ENABLE_OBJC_ARC = YES;
				CLANG_WARN_BOOL_CONVERSION = YES;
				CLANG_WARN_CONSTANT_CONVERSION = YES;
				CLANG_WARN_DIRECT_OBJC_ISA_USAGE = YES_ERROR;
				CLANG_WARN_EMPTY_BODY = YES;
				CLANG_WARN_ENUM_CONVERSION = YES;
				CLANG_WARN_INFINITE_RECURSION = YES;
				CLANG_WARN_INT_CONVERSION = YES;
				CLANG_WARN_OBJC_ROOT_CLASS = YES_ERROR;
				CLANG_WARN_SUSPICIOUS_MOVE = YES;
				CLANG_WARN_UNREACHABLE_CODE = YES;
				CLANG_WARN__DUPLICATE_METHOD_MATCH = YES;
				"CODE_SIGN_IDENTITY[sdk=iphoneos*]" = "iPhone Developer";
				COPY_PHASE_STRIP = NO;
				DEBUG_INFORMATION_FORMAT = "dwarf-with-dsym";
				ENABLE_NS_ASSERTIONS = NO;
				ENABLE_STRICT_OBJC_MSGSEND = YES;
				GCC_C_LANGUAGE_STANDARD = gnu99;
				GCC_NO_COMMON_BLOCKS = YES;
				GCC_WARN_64_TO_32_BIT_CONVERSION = YES;
				GCC_WARN_ABOUT_RETURN_TYPE = YES_ERROR;
				GCC_WARN_UNDECLARED_SELECTOR = YES;
				GCC_WARN_UNINITIALIZED_AUTOS = YES_AGGRESSIVE;
				GCC_WARN_UNUSED_FUNCTION = YES;
				GCC_WARN_UNUSED_VARIABLE = YES;
				IPHONEOS_DEPLOYMENT_TARGET = 8.3;
				MTL_ENABLE_DEBUG_INFO = NO;
				SDKROOT = iphoneos;
				TARGETED_DEVICE_FAMILY = "1,2";
				VALIDATE_PRODUCT = YES;
			};
			name = Release;
		};
		D0EEF5AE1AF809DA0061905D /* Debug */ = {
			isa = XCBuildConfiguration;
			buildSettings = {
				ASSETCATALOG_COMPILER_APPICON_NAME = AppIcon;
				DEVELOPMENT_TEAM = QWRJC78833;
				INFOPLIST_FILE = HotelManagerRM/Info.plist;
				LD_RUNPATH_SEARCH_PATHS = "$(inherited) @executable_path/Frameworks";
				PRODUCT_BUNDLE_IDENTIFIER = "com.RandyMcLain.$(PRODUCT_NAME:rfc1034identifier)";
				PRODUCT_NAME = "$(TARGET_NAME)";
			};
			name = Debug;
		};
		D0EEF5AF1AF809DA0061905D /* Release */ = {
			isa = XCBuildConfiguration;
			buildSettings = {
				ASSETCATALOG_COMPILER_APPICON_NAME = AppIcon;
				DEVELOPMENT_TEAM = QWRJC78833;
				INFOPLIST_FILE = HotelManagerRM/Info.plist;
				LD_RUNPATH_SEARCH_PATHS = "$(inherited) @executable_path/Frameworks";
				PRODUCT_BUNDLE_IDENTIFIER = "com.RandyMcLain.$(PRODUCT_NAME:rfc1034identifier)";
				PRODUCT_NAME = "$(TARGET_NAME)";
			};
			name = Release;
		};
		D0EEF5B11AF809DA0061905D /* Debug */ = {
			isa = XCBuildConfiguration;
			buildSettings = {
				BUNDLE_LOADER = "$(TEST_HOST)";
				FRAMEWORK_SEARCH_PATHS = (
					"$(SDKROOT)/Developer/Library/Frameworks",
					"$(inherited)",
				);
				GCC_PREPROCESSOR_DEFINITIONS = (
					"DEBUG=1",
					"$(inherited)",
				);
				INFOPLIST_FILE = HotelManagerRMTests/Info.plist;
				LD_RUNPATH_SEARCH_PATHS = "$(inherited) @executable_path/Frameworks @loader_path/Frameworks";
				PRODUCT_BUNDLE_IDENTIFIER = "com.RandyMcLain.$(PRODUCT_NAME:rfc1034identifier)";
				PRODUCT_NAME = "$(TARGET_NAME)";
				TEST_HOST = "$(BUILT_PRODUCTS_DIR)/HotelManagerRM.app/HotelManagerRM";
			};
			name = Debug;
		};
		D0EEF5B21AF809DA0061905D /* Release */ = {
			isa = XCBuildConfiguration;
			buildSettings = {
				BUNDLE_LOADER = "$(TEST_HOST)";
				FRAMEWORK_SEARCH_PATHS = (
					"$(SDKROOT)/Developer/Library/Frameworks",
					"$(inherited)",
				);
				INFOPLIST_FILE = HotelManagerRMTests/Info.plist;
				LD_RUNPATH_SEARCH_PATHS = "$(inherited) @executable_path/Frameworks @loader_path/Frameworks";
				PRODUCT_BUNDLE_IDENTIFIER = "com.RandyMcLain.$(PRODUCT_NAME:rfc1034identifier)";
				PRODUCT_NAME = "$(TARGET_NAME)";
				TEST_HOST = "$(BUILT_PRODUCTS_DIR)/HotelManagerRM.app/HotelManagerRM";
			};
			name = Release;
		};
/* End XCBuildConfiguration section */

/* Begin XCConfigurationList section */
		D0EEF5821AF809DA0061905D /* Build configuration list for PBXProject "HotelManagerRM" */ = {
			isa = XCConfigurationList;
			buildConfigurations = (
				D0EEF5AB1AF809DA0061905D /* Debug */,
				D0EEF5AC1AF809DA0061905D /* Release */,
			);
			defaultConfigurationIsVisible = 0;
			defaultConfigurationName = Release;
		};
		D0EEF5AD1AF809DA0061905D /* Build configuration list for PBXNativeTarget "HotelManagerRM" */ = {
			isa = XCConfigurationList;
			buildConfigurations = (
				D0EEF5AE1AF809DA0061905D /* Debug */,
				D0EEF5AF1AF809DA0061905D /* Release */,
			);
			defaultConfigurationIsVisible = 0;
			defaultConfigurationName = Release;
		};
		D0EEF5B01AF809DA0061905D /* Build configuration list for PBXNativeTarget "HotelManagerRMTests" */ = {
			isa = XCConfigurationList;
			buildConfigurations = (
				D0EEF5B11AF809DA0061905D /* Debug */,
				D0EEF5B21AF809DA0061905D /* Release */,
			);
			defaultConfigurationIsVisible = 0;
			defaultConfigurationName = Release;
		};
/* End XCConfigurationList section */

/* Begin XCVersionGroup section */
		D0EEF5911AF809DA0061905D /* HotelManagerRM.xcdatamodeld */ = {
			isa = XCVersionGroup;
			children = (
				D0F0594B1AFA6C3000914A7A /* HotelManagerRM 2.xcdatamodel */,
				D0EEF5921AF809DA0061905D /* HotelManagerRM.xcdatamodel */,
			);
			currentVersion = D0EEF5921AF809DA0061905D /* HotelManagerRM.xcdatamodel */;
			name = HotelManagerRM.xcdatamodeld;
			path = ../HotelManagerRM/HotelManagerRM.xcdatamodeld;
			sourceTree = "<group>";
			versionGroupType = wrapper.xcdatamodel;
		};
/* End XCVersionGroup section */
	};
	rootObject = D0EEF57F1AF809DA0061905D /* Project object */;
}
